
Microsoft Visual Studio Solution File, Format Version 12.00
# Visual Studio Version 17
VisualStudioVersion = 17.8.34322.80
MinimumVisualStudioVersion = 10.0.40219.1
Project("{2150E333-8FDC-42A3-9474-1A3956D46DE8}") = "CH01", "CH01", "{E2516AD9-4D47-4A2B-89D0-4C92FED78E25}"
EndProject
Project("{2150E333-8FDC-42A3-9474-1A3956D46DE8}") = "CH03", "CH03", "{EA82BDF0-F798-45BD-ACFA-61BC023FA0FA}"
EndProject
Project("{2150E333-8FDC-42A3-9474-1A3956D46DE8}") = "CH05", "CH05", "{F8010A88-395E-455F-9361-6942439CE031}"
EndProject
Project("{2150E333-8FDC-42A3-9474-1A3956D46DE8}") = "CH06", "CH06", "{1B1E336C-CA2A-4865-A663-15686DFBC862}"
EndProject
Project("{2150E333-8FDC-42A3-9474-1A3956D46DE8}") = "CH04", "CH04", "{80994B37-F984-42EF-99B3-FE37E8384037}"
EndProject
Project("{2150E333-8FDC-42A3-9474-1A3956D46DE8}") = "CH07", "CH07", "{B6A13D31-12CF-41B2-A809-EBC8D6698861}"
EndProject
Project("{2150E333-8FDC-42A3-9474-1A3956D46DE8}") = "CH08", "CH08", "{0B328C84-35B9-46B8-9FF6-5ED33AB22E71}"
EndProject
Project("{2150E333-8FDC-42A3-9474-1A3956D46DE8}") = "CH09", "CH09", "{FAD1EB70-17DA-4D07-9B73-5BEDBC016AC8}"
EndProject
Project("{2150E333-8FDC-42A3-9474-1A3956D46DE8}") = "CH11", "CH11", "{3290D78D-C493-47AC-9ECA-50F42842F92A}"
EndProject
Project("{2150E333-8FDC-42A3-9474-1A3956D46DE8}") = "CH13", "CH13", "{4D2026B0-0DBE-4495-80EB-8407F6E74F57}"
EndProject
Project("{2150E333-8FDC-42A3-9474-1A3956D46DE8}") = "CH14", "CH14", "{9333E8A9-3BCA-4C10-BC2E-B122F8133662}"
EndProject
Project("{2150E333-8FDC-42A3-9474-1A3956D46DE8}") = "Solution Items", "Solution Items", "{2850F8F7-C445-4C7D-B2D6-83D3528EB7BF}"
	ProjectSection(SolutionItems) = preProject
		.editorconfig = .editorconfig
	EndProjectSection
EndProject
Project("{FAE04EC0-301F-11D3-BF4B-00C04F79EFBC}") = "CH05_AvoidNullPointerExceptions", "CH05\CH05_AvoidNullPointerExceptions\CH05_AvoidNullPointerExceptions.csproj", "{14891FDE-F845-4271-A0ED-E17D53C04985}"
EndProject
Project("{FAE04EC0-301F-11D3-BF4B-00C04F79EFBC}") = "CH4", "CH04\CH4.csproj", "{3E9146EB-644D-4961-A43D-4CFA2FCE3493}"
EndProject
Project("{FAE04EC0-301F-11D3-BF4B-00C04F79EFBC}") = "CH06_FailPassRefactor", "CH06\CH06_FailPassRefactor\CH06_FailPassRefactor.csproj", "{DB118D23-66DB-48D6-80E5-891B35F896A5}"
EndProject
Project("{FAE04EC0-301F-11D3-BF4B-00C04F79EFBC}") = "CH06_Moq", "CH06\CH06_Moq\CH06_Moq.csproj", "{CBB4E062-4A7A-4FCC-BC94-08AA73E54085}"
EndProject
Project("{FAE04EC0-301F-11D3-BF4B-00C04F79EFBC}") = "CH06_MSTestUnitTesting", "CH06\CH06_MSTestUnitTesting\CH06_MSTestUnitTesting.csproj", "{85DBE167-B5CC-4E90-A1E4-EA8C141D02F6}"
EndProject
Project("{FAE04EC0-301F-11D3-BF4B-00C04F79EFBC}") = "CH06_MSTestUnitTesting.Tests", "CH06\CH06_MSTestUnitTesting.Tests\CH06_MSTestUnitTesting.Tests.csproj", "{4206EA04-9368-4D5B-9BED-C29FE6E164D3}"
EndProject
Project("{FAE04EC0-301F-11D3-BF4B-00C04F79EFBC}") = "CH06_NUnitTesting", "CH06\CH06_NUnitTesting\CH06_NUnitTesting.csproj", "{F7F1437B-52FA-4345-AB57-FAEC73CDE626}"
EndProject
Project("{FAE04EC0-301F-11D3-BF4B-00C04F79EFBC}") = "CH06_RhinoMocks", "CH06\CH06_RhinoMocks\CH06_RhinoMocks.csproj", "{29E8BE60-CF81-4B92-A942-004816EF8FEA}"
EndProject
Project("{FAE04EC0-301F-11D3-BF4B-00C04F79EFBC}") = "CH06_SpecFlow", "CH06\CH06_SpecFlow\CH06_SpecFlow.csproj", "{3CEC5866-44FC-4596-8322-4822B7E3B20B}"
EndProject
Project("{FAE04EC0-301F-11D3-BF4B-00C04F79EFBC}") = "CH06_SpecFlow.Calculator", "CH06\CH06_SpecFlow.Calculator\CH06_SpecFlow.Calculator.csproj", "{2F65CAB2-B6F7-4692-A4FF-4BFF57897AA7}"
EndProject
Project("{FAE04EC0-301F-11D3-BF4B-00C04F79EFBC}") = "CH06_SpecFlow.Implementation", "CH06\CH06_SpecFlow.Implementation\CH06_SpecFlow.Implementation.csproj", "{B9411E43-5A36-43F5-B573-4D5A78FF190B}"
EndProject
Project("{FAE04EC0-301F-11D3-BF4B-00C04F79EFBC}") = "CH07_Admin", "CH07\CH07_Admin\CH07_Admin.csproj", "{D94E4B4E-777D-454B-966C-06D71DAD4E91}"
EndProject
Project("{FAE04EC0-301F-11D3-BF4B-00C04F79EFBC}") = "CH07_DependencyInjection", "CH07\CH07_DependencyInjection\CH07_DependencyInjection.csproj", "{395F8C46-35DE-4753-87EA-7804221606F2}"
EndProject
Project("{FAE04EC0-301F-11D3-BF4B-00C04F79EFBC}") = "CH07_DependencyInjection.Tests", "CH07\CH07_DependencyInjection.Tests\CH07_DependencyInjection.Tests.csproj", "{CC70ADC2-24AB-4640-BEF9-BBCD8E0FAA5D}"
EndProject
Project("{FAE04EC0-301F-11D3-BF4B-00C04F79EFBC}") = "CH07_Factories", "CH07\CH07_Factories\CH07_Factories.csproj", "{4C57CE5D-7B7B-4D50-8C99-425E7055B720}"
EndProject
Project("{FAE04EC0-301F-11D3-BF4B-00C04F79EFBC}") = "CH07_Logon", "CH07\CH07_Logon\CH07_Logon.csproj", "{C2E24EDA-6C83-4BF9-B813-5E0AA20C6945}"
EndProject
Project("{FAE04EC0-301F-11D3-BF4B-00C04F79EFBC}") = "CH07_Test", "CH07\CH07_Test\CH07_Test.csproj", "{C02272DC-D31E-4E2E-BB34-78BB00BEC6AE}"
EndProject
Project("{FAE04EC0-301F-11D3-BF4B-00C04F79EFBC}") = "CH08_Deadlocks", "CH08\CH08_Deadlocks\CH08_Deadlocks.csproj", "{C329100B-9AB8-4325-B60E-98B0DBE03541}"
EndProject
Project("{FAE04EC0-301F-11D3-BF4B-00C04F79EFBC}") = "CH08_GeneralRecommendations", "CH08\CH08_GeneralRecommendations\CH08_GeneralRecommendations.csproj", "{EA404601-D680-436D-A305-97EDD06E2DD9}"
EndProject
Project("{FAE04EC0-301F-11D3-BF4B-00C04F79EFBC}") = "CH08_Immutability", "CH08\CH08_Immutability\CH08_Immutability.csproj", "{136A2917-2B13-4A9A-96CA-8EE2A55C8C2E}"
EndProject
Project("{FAE04EC0-301F-11D3-BF4B-00C04F79EFBC}") = "CH08_Mutability", "CH08\CH08_Mutability\CH08_Mutability.csproj", "{06B89FAD-BBB7-440C-8856-96C646E0EB4B}"
EndProject
Project("{FAE04EC0-301F-11D3-BF4B-00C04F79EFBC}") = "CH08_Processors", "CH08\CH08_Processors\CH08_Processors.csproj", "{D45AC3A9-3996-4AF9-9F97-99A232759898}"
EndProject
Project("{FAE04EC0-301F-11D3-BF4B-00C04F79EFBC}") = "CH08_RaceConditions", "CH08\CH08_RaceConditions\CH08_RaceConditions.csproj", "{7369AFC2-E303-4E7C-A455-C134019BA655}"
EndProject
Project("{FAE04EC0-301F-11D3-BF4B-00C04F79EFBC}") = "CH08_StaticConstructors", "CH08\CH08_StaticConstructors\CH08_StaticConstructors.csproj", "{C0FEB264-F20E-489B-B89C-1D01D9093E4F}"
EndProject
Project("{FAE04EC0-301F-11D3-BF4B-00C04F79EFBC}") = "CH08_StaticMethods", "CH08\CH08_StaticMethods\CH08_StaticMethods.csproj", "{DC9B78A9-F0F9-4EB0-8A42-B9ED8DBA6D75}"
EndProject
Project("{FAE04EC0-301F-11D3-BF4B-00C04F79EFBC}") = "CH08_SynchronisedMethodDependencies", "CH08\CH08_SynchronisedMethodDependencies\CH08_SynchronisedMethodDependencies.csproj", "{4D389E31-77F0-44CC-B976-9B4D6D9C1C03}"
EndProject
Project("{FAE04EC0-301F-11D3-BF4B-00C04F79EFBC}") = "CH08_ThreadSafety", "CH08\CH08_ThreadSafety\CH08_ThreadSafety.csproj", "{E4FE075C-6B54-46CA-AC78-E0C6DC535FB4}"
EndProject
Project("{FAE04EC0-301F-11D3-BF4B-00C04F79EFBC}") = "CH08_ThreadsIntro", "CH08\CH08_ThreadsIntro\CH08_ThreadsIntro.csproj", "{E6A4CAC3-B448-41EF-8F59-DDD61C01EBBC}"
EndProject
Project("{FAE04EC0-301F-11D3-BF4B-00C04F79EFBC}") = "CH09_Proxies", "CH09\CH09_Proxies\CH09_Proxies.csproj", "{690A6862-8111-48E9-B651-AC5838890B34}"
EndProject
Project("{FAE04EC0-301F-11D3-BF4B-00C04F79EFBC}") = "CH09_RamlClient", "CH09\CH09_RamlClient\CH09_RamlClient.csproj", "{4E85F9E9-CD22-4046-BBEE-811662B057C7}"
EndProject
Project("{FAE04EC0-301F-11D3-BF4B-00C04F79EFBC}") = "CH08_ThreadPool", "CH08\CH08_ThreadPool\CH08_ThreadPool.csproj", "{5236D410-CA8D-4AC0-A836-3741E9918E32}"
EndProject
Project("{2150E333-8FDC-42A3-9474-1A3956D46DE8}") = "CH10", "CH10", "{C4808B0D-F9E3-4BCF-A6DC-FA01B4AB73BA}"
EndProject
Project("{FAE04EC0-301F-11D3-BF4B-00C04F79EFBC}") = "CH08_Interlocked", "CH08\CH08_Interlocked\CH08_Interlocked.csproj", "{BB96F4D3-33AA-4F65-8427-7CDF96BDF95A}"
EndProject
Project("{FAE04EC0-301F-11D3-BF4B-00C04F79EFBC}") = "CH01_CodingStandardsAndPrinciples", "CH01\CH01_CodingStandardsAndPrinciples\CH01_CodingStandardsAndPrinciples.csproj", "{54F7EE78-D2B5-4614-A737-86859B063CE1}"
EndProject
Project("{FAE04EC0-301F-11D3-BF4B-00C04F79EFBC}") = "CH11_AddressingCrossCuttingConcerns", "CH11\CH11_AddressingCrossCuttingConcerns\CH11_AddressingCrossCuttingConcerns.csproj", "{2A339E0E-9C89-4203-A469-928F43FFB62C}"
EndProject
Project("{FAE04EC0-301F-11D3-BF4B-00C04F79EFBC}") = "CH11_Caching", "CH11\CH11_Caching\CH11_Caching.csproj", "{CDD043DC-A272-47EB-AF1C-77BC13C76750}"
EndProject
Project("{FAE04EC0-301F-11D3-BF4B-00C04F79EFBC}") = "CH11_Concurrency", "CH11\CH11_Concurrency\CH11_Concurrency.csproj", "{318F7CAB-ECFE-4F8A-BB62-33DA343D97AE}"
EndProject
Project("{FAE04EC0-301F-11D3-BF4B-00C04F79EFBC}") = "CH11_DRY", "CH11\CH11_DRY\CH11_DRY.csproj", "{EFEBD239-AAF6-4D83-BF0F-0783464C544A}"
EndProject
Project("{FAE04EC0-301F-11D3-BF4B-00C04F79EFBC}") = "CH11_Instrumentation", "CH11\CH11_Instrumentation\CH11_Instrumentation.csproj", "{C5A21932-ECD4-4E7A-8B30-F2ADA36913D6}"
EndProject
Project("{FAE04EC0-301F-11D3-BF4B-00C04F79EFBC}") = "CH11_ResourcePooling", "CH11\CH11_ResourcePooling\CH11_ResourcePooling.csproj", "{AAFFD0D1-BCC8-4936-8895-951C152BAD6A}"
EndProject
Project("{FAE04EC0-301F-11D3-BF4B-00C04F79EFBC}") = "CH11_ThreadDispatching", "CH11\CH11_ThreadDispatching\CH11_ThreadDispatching.csproj", "{FA27FE1C-4581-4B32-8740-2826F0D4243F}"
EndProject
Project("{FAE04EC0-301F-11D3-BF4B-00C04F79EFBC}") = "CH11_Transactions", "CH11\CH11_Transactions\CH11_Transactions.csproj", "{27A1DD0F-1891-462B-AA64-2AB4EF27D761}"
EndProject
Project("{FAE04EC0-301F-11D3-BF4B-00C04F79EFBC}") = "CH09_WellDefinedBoundaries", "CH09\CH09_WellDefinedBoundaries\CH09_WellDefinedBoundaries.csproj", "{67DFF126-3243-4CB3-BD77-A605BCADF1D7}"
EndProject
Project("{FAE04EC0-301F-11D3-BF4B-00C04F79EFBC}") = "CH13_CodeRefactoring", "CH13\CH13_CodeRefactoring\CH13_CodeRefactoring.csproj", "{1A203072-B52E-4A35-9807-9A13BE743D2F}"
EndProject
Project("{FAE04EC0-301F-11D3-BF4B-00C04F79EFBC}") = "TestHarness", "CH11\CrossCuttingConcerns\TestHarness\TestHarness.csproj", "{015EE3FE-FE1E-48DE-B75E-259065EC1E62}"
EndProject
Project("{FAE04EC0-301F-11D3-BF4B-00C04F79EFBC}") = "CH14_DesignPatterns", "CH14\CH14_DesignPatterns\CH14_DesignPatterns.csproj", "{4C09E10C-87D1-4CB8-A9E3-5B014731D386}"
EndProject
Project("{9A19103F-16F7-4668-BE54-9A1E7A4F7556}") = "CrossCuttingConcerns", "CH11\CrossCuttingConcerns\CrossCuttingConcerns\CrossCuttingConcerns.csproj", "{079D8C3D-7ED4-4EE9-BBEF-1AAB58C0978B}"
EndProject
Global
	GlobalSection(SolutionConfigurationPlatforms) = preSolution
		Debug|Any CPU = Debug|Any CPU
		Release|Any CPU = Release|Any CPU
	EndGlobalSection
	GlobalSection(ProjectConfigurationPlatforms) = postSolution
		{14891FDE-F845-4271-A0ED-E17D53C04985}.Debug|Any CPU.ActiveCfg = Debug|Any CPU
		{14891FDE-F845-4271-A0ED-E17D53C04985}.Debug|Any CPU.Build.0 = Debug|Any CPU
		{14891FDE-F845-4271-A0ED-E17D53C04985}.Release|Any CPU.ActiveCfg = Release|Any CPU
		{14891FDE-F845-4271-A0ED-E17D53C04985}.Release|Any CPU.Build.0 = Release|Any CPU
		{3E9146EB-644D-4961-A43D-4CFA2FCE3493}.Debug|Any CPU.ActiveCfg = Debug|Any CPU
		{3E9146EB-644D-4961-A43D-4CFA2FCE3493}.Debug|Any CPU.Build.0 = Debug|Any CPU
		{3E9146EB-644D-4961-A43D-4CFA2FCE3493}.Release|Any CPU.ActiveCfg = Release|Any CPU
		{3E9146EB-644D-4961-A43D-4CFA2FCE3493}.Release|Any CPU.Build.0 = Release|Any CPU
		{DB118D23-66DB-48D6-80E5-891B35F896A5}.Debug|Any CPU.ActiveCfg = Debug|Any CPU
		{DB118D23-66DB-48D6-80E5-891B35F896A5}.Debug|Any CPU.Build.0 = Debug|Any CPU
		{DB118D23-66DB-48D6-80E5-891B35F896A5}.Release|Any CPU.ActiveCfg = Release|Any CPU
		{DB118D23-66DB-48D6-80E5-891B35F896A5}.Release|Any CPU.Build.0 = Release|Any CPU
		{CBB4E062-4A7A-4FCC-BC94-08AA73E54085}.Debug|Any CPU.ActiveCfg = Debug|Any CPU
		{CBB4E062-4A7A-4FCC-BC94-08AA73E54085}.Debug|Any CPU.Build.0 = Debug|Any CPU
		{CBB4E062-4A7A-4FCC-BC94-08AA73E54085}.Release|Any CPU.ActiveCfg = Release|Any CPU
		{CBB4E062-4A7A-4FCC-BC94-08AA73E54085}.Release|Any CPU.Build.0 = Release|Any CPU
		{85DBE167-B5CC-4E90-A1E4-EA8C141D02F6}.Debug|Any CPU.ActiveCfg = Debug|Any CPU
		{85DBE167-B5CC-4E90-A1E4-EA8C141D02F6}.Debug|Any CPU.Build.0 = Debug|Any CPU
		{85DBE167-B5CC-4E90-A1E4-EA8C141D02F6}.Release|Any CPU.ActiveCfg = Release|Any CPU
		{85DBE167-B5CC-4E90-A1E4-EA8C141D02F6}.Release|Any CPU.Build.0 = Release|Any CPU
		{4206EA04-9368-4D5B-9BED-C29FE6E164D3}.Debug|Any CPU.ActiveCfg = Debug|Any CPU
		{4206EA04-9368-4D5B-9BED-C29FE6E164D3}.Debug|Any CPU.Build.0 = Debug|Any CPU
		{4206EA04-9368-4D5B-9BED-C29FE6E164D3}.Release|Any CPU.ActiveCfg = Release|Any CPU
		{4206EA04-9368-4D5B-9BED-C29FE6E164D3}.Release|Any CPU.Build.0 = Release|Any CPU
		{F7F1437B-52FA-4345-AB57-FAEC73CDE626}.Debug|Any CPU.ActiveCfg = Debug|Any CPU
		{F7F1437B-52FA-4345-AB57-FAEC73CDE626}.Debug|Any CPU.Build.0 = Debug|Any CPU
		{F7F1437B-52FA-4345-AB57-FAEC73CDE626}.Release|Any CPU.ActiveCfg = Release|Any CPU
		{F7F1437B-52FA-4345-AB57-FAEC73CDE626}.Release|Any CPU.Build.0 = Release|Any CPU
		{29E8BE60-CF81-4B92-A942-004816EF8FEA}.Debug|Any CPU.ActiveCfg = Debug|Any CPU
		{29E8BE60-CF81-4B92-A942-004816EF8FEA}.Debug|Any CPU.Build.0 = Debug|Any CPU
		{29E8BE60-CF81-4B92-A942-004816EF8FEA}.Release|Any CPU.ActiveCfg = Release|Any CPU
		{29E8BE60-CF81-4B92-A942-004816EF8FEA}.Release|Any CPU.Build.0 = Release|Any CPU
		{3CEC5866-44FC-4596-8322-4822B7E3B20B}.Debug|Any CPU.ActiveCfg = Debug|Any CPU
		{3CEC5866-44FC-4596-8322-4822B7E3B20B}.Debug|Any CPU.Build.0 = Debug|Any CPU
		{3CEC5866-44FC-4596-8322-4822B7E3B20B}.Release|Any CPU.ActiveCfg = Release|Any CPU
		{3CEC5866-44FC-4596-8322-4822B7E3B20B}.Release|Any CPU.Build.0 = Release|Any CPU
		{2F65CAB2-B6F7-4692-A4FF-4BFF57897AA7}.Debug|Any CPU.ActiveCfg = Debug|Any CPU
		{2F65CAB2-B6F7-4692-A4FF-4BFF57897AA7}.Debug|Any CPU.Build.0 = Debug|Any CPU
		{2F65CAB2-B6F7-4692-A4FF-4BFF57897AA7}.Release|Any CPU.ActiveCfg = Release|Any CPU
		{2F65CAB2-B6F7-4692-A4FF-4BFF57897AA7}.Release|Any CPU.Build.0 = Release|Any CPU
		{B9411E43-5A36-43F5-B573-4D5A78FF190B}.Debug|Any CPU.ActiveCfg = Debug|Any CPU
		{B9411E43-5A36-43F5-B573-4D5A78FF190B}.Debug|Any CPU.Build.0 = Debug|Any CPU
		{B9411E43-5A36-43F5-B573-4D5A78FF190B}.Release|Any CPU.ActiveCfg = Release|Any CPU
		{B9411E43-5A36-43F5-B573-4D5A78FF190B}.Release|Any CPU.Build.0 = Release|Any CPU
		{D94E4B4E-777D-454B-966C-06D71DAD4E91}.Debug|Any CPU.ActiveCfg = Debug|Any CPU
		{D94E4B4E-777D-454B-966C-06D71DAD4E91}.Debug|Any CPU.Build.0 = Debug|Any CPU
		{D94E4B4E-777D-454B-966C-06D71DAD4E91}.Release|Any CPU.ActiveCfg = Release|Any CPU
		{D94E4B4E-777D-454B-966C-06D71DAD4E91}.Release|Any CPU.Build.0 = Release|Any CPU
		{395F8C46-35DE-4753-87EA-7804221606F2}.Debug|Any CPU.ActiveCfg = Debug|Any CPU
		{395F8C46-35DE-4753-87EA-7804221606F2}.Debug|Any CPU.Build.0 = Debug|Any CPU
		{395F8C46-35DE-4753-87EA-7804221606F2}.Release|Any CPU.ActiveCfg = Release|Any CPU
		{395F8C46-35DE-4753-87EA-7804221606F2}.Release|Any CPU.Build.0 = Release|Any CPU
		{CC70ADC2-24AB-4640-BEF9-BBCD8E0FAA5D}.Debug|Any CPU.ActiveCfg = Debug|Any CPU
		{CC70ADC2-24AB-4640-BEF9-BBCD8E0FAA5D}.Debug|Any CPU.Build.0 = Debug|Any CPU
		{CC70ADC2-24AB-4640-BEF9-BBCD8E0FAA5D}.Release|Any CPU.ActiveCfg = Release|Any CPU
		{CC70ADC2-24AB-4640-BEF9-BBCD8E0FAA5D}.Release|Any CPU.Build.0 = Release|Any CPU
		{4C57CE5D-7B7B-4D50-8C99-425E7055B720}.Debug|Any CPU.ActiveCfg = Debug|Any CPU
		{4C57CE5D-7B7B-4D50-8C99-425E7055B720}.Debug|Any CPU.Build.0 = Debug|Any CPU
		{4C57CE5D-7B7B-4D50-8C99-425E7055B720}.Release|Any CPU.ActiveCfg = Release|Any CPU
		{4C57CE5D-7B7B-4D50-8C99-425E7055B720}.Release|Any CPU.Build.0 = Release|Any CPU
		{C2E24EDA-6C83-4BF9-B813-5E0AA20C6945}.Debug|Any CPU.ActiveCfg = Debug|Any CPU
		{C2E24EDA-6C83-4BF9-B813-5E0AA20C6945}.Debug|Any CPU.Build.0 = Debug|Any CPU
		{C2E24EDA-6C83-4BF9-B813-5E0AA20C6945}.Release|Any CPU.ActiveCfg = Release|Any CPU
		{C2E24EDA-6C83-4BF9-B813-5E0AA20C6945}.Release|Any CPU.Build.0 = Release|Any CPU
		{C02272DC-D31E-4E2E-BB34-78BB00BEC6AE}.Debug|Any CPU.ActiveCfg = Debug|Any CPU
		{C02272DC-D31E-4E2E-BB34-78BB00BEC6AE}.Debug|Any CPU.Build.0 = Debug|Any CPU
		{C02272DC-D31E-4E2E-BB34-78BB00BEC6AE}.Release|Any CPU.ActiveCfg = Release|Any CPU
		{C02272DC-D31E-4E2E-BB34-78BB00BEC6AE}.Release|Any CPU.Build.0 = Release|Any CPU
		{C329100B-9AB8-4325-B60E-98B0DBE03541}.Debug|Any CPU.ActiveCfg = Debug|Any CPU
		{C329100B-9AB8-4325-B60E-98B0DBE03541}.Debug|Any CPU.Build.0 = Debug|Any CPU
		{C329100B-9AB8-4325-B60E-98B0DBE03541}.Release|Any CPU.ActiveCfg = Release|Any CPU
		{C329100B-9AB8-4325-B60E-98B0DBE03541}.Release|Any CPU.Build.0 = Release|Any CPU
		{EA404601-D680-436D-A305-97EDD06E2DD9}.Debug|Any CPU.ActiveCfg = Debug|Any CPU
		{EA404601-D680-436D-A305-97EDD06E2DD9}.Debug|Any CPU.Build.0 = Debug|Any CPU
		{EA404601-D680-436D-A305-97EDD06E2DD9}.Release|Any CPU.ActiveCfg = Release|Any CPU
		{EA404601-D680-436D-A305-97EDD06E2DD9}.Release|Any CPU.Build.0 = Release|Any CPU
		{136A2917-2B13-4A9A-96CA-8EE2A55C8C2E}.Debug|Any CPU.ActiveCfg = Debug|Any CPU
		{136A2917-2B13-4A9A-96CA-8EE2A55C8C2E}.Debug|Any CPU.Build.0 = Debug|Any CPU
		{136A2917-2B13-4A9A-96CA-8EE2A55C8C2E}.Release|Any CPU.ActiveCfg = Release|Any CPU
		{136A2917-2B13-4A9A-96CA-8EE2A55C8C2E}.Release|Any CPU.Build.0 = Release|Any CPU
		{06B89FAD-BBB7-440C-8856-96C646E0EB4B}.Debug|Any CPU.ActiveCfg = Debug|Any CPU
		{06B89FAD-BBB7-440C-8856-96C646E0EB4B}.Debug|Any CPU.Build.0 = Debug|Any CPU
		{06B89FAD-BBB7-440C-8856-96C646E0EB4B}.Release|Any CPU.ActiveCfg = Release|Any CPU
		{06B89FAD-BBB7-440C-8856-96C646E0EB4B}.Release|Any CPU.Build.0 = Release|Any CPU
		{D45AC3A9-3996-4AF9-9F97-99A232759898}.Debug|Any CPU.ActiveCfg = Debug|Any CPU
		{D45AC3A9-3996-4AF9-9F97-99A232759898}.Debug|Any CPU.Build.0 = Debug|Any CPU
		{D45AC3A9-3996-4AF9-9F97-99A232759898}.Release|Any CPU.ActiveCfg = Release|Any CPU
		{D45AC3A9-3996-4AF9-9F97-99A232759898}.Release|Any CPU.Build.0 = Release|Any CPU
		{7369AFC2-E303-4E7C-A455-C134019BA655}.Debug|Any CPU.ActiveCfg = Debug|Any CPU
		{7369AFC2-E303-4E7C-A455-C134019BA655}.Debug|Any CPU.Build.0 = Debug|Any CPU
		{7369AFC2-E303-4E7C-A455-C134019BA655}.Release|Any CPU.ActiveCfg = Release|Any CPU
		{7369AFC2-E303-4E7C-A455-C134019BA655}.Release|Any CPU.Build.0 = Release|Any CPU
		{C0FEB264-F20E-489B-B89C-1D01D9093E4F}.Debug|Any CPU.ActiveCfg = Debug|Any CPU
		{C0FEB264-F20E-489B-B89C-1D01D9093E4F}.Debug|Any CPU.Build.0 = Debug|Any CPU
		{C0FEB264-F20E-489B-B89C-1D01D9093E4F}.Release|Any CPU.ActiveCfg = Release|Any CPU
		{C0FEB264-F20E-489B-B89C-1D01D9093E4F}.Release|Any CPU.Build.0 = Release|Any CPU
		{DC9B78A9-F0F9-4EB0-8A42-B9ED8DBA6D75}.Debug|Any CPU.ActiveCfg = Debug|Any CPU
		{DC9B78A9-F0F9-4EB0-8A42-B9ED8DBA6D75}.Debug|Any CPU.Build.0 = Debug|Any CPU
		{DC9B78A9-F0F9-4EB0-8A42-B9ED8DBA6D75}.Release|Any CPU.ActiveCfg = Release|Any CPU
		{DC9B78A9-F0F9-4EB0-8A42-B9ED8DBA6D75}.Release|Any CPU.Build.0 = Release|Any CPU
		{4D389E31-77F0-44CC-B976-9B4D6D9C1C03}.Debug|Any CPU.ActiveCfg = Debug|Any CPU
		{4D389E31-77F0-44CC-B976-9B4D6D9C1C03}.Debug|Any CPU.Build.0 = Debug|Any CPU
		{4D389E31-77F0-44CC-B976-9B4D6D9C1C03}.Release|Any CPU.ActiveCfg = Release|Any CPU
		{4D389E31-77F0-44CC-B976-9B4D6D9C1C03}.Release|Any CPU.Build.0 = Release|Any CPU
		{E4FE075C-6B54-46CA-AC78-E0C6DC535FB4}.Debug|Any CPU.ActiveCfg = Debug|Any CPU
		{E4FE075C-6B54-46CA-AC78-E0C6DC535FB4}.Debug|Any CPU.Build.0 = Debug|Any CPU
		{E4FE075C-6B54-46CA-AC78-E0C6DC535FB4}.Release|Any CPU.ActiveCfg = Release|Any CPU
		{E4FE075C-6B54-46CA-AC78-E0C6DC535FB4}.Release|Any CPU.Build.0 = Release|Any CPU
		{E6A4CAC3-B448-41EF-8F59-DDD61C01EBBC}.Debug|Any CPU.ActiveCfg = Debug|Any CPU
		{E6A4CAC3-B448-41EF-8F59-DDD61C01EBBC}.Debug|Any CPU.Build.0 = Debug|Any CPU
		{E6A4CAC3-B448-41EF-8F59-DDD61C01EBBC}.Release|Any CPU.ActiveCfg = Release|Any CPU
		{E6A4CAC3-B448-41EF-8F59-DDD61C01EBBC}.Release|Any CPU.Build.0 = Release|Any CPU
		{690A6862-8111-48E9-B651-AC5838890B34}.Debug|Any CPU.ActiveCfg = Debug|Any CPU
		{690A6862-8111-48E9-B651-AC5838890B34}.Debug|Any CPU.Build.0 = Debug|Any CPU
		{690A6862-8111-48E9-B651-AC5838890B34}.Release|Any CPU.ActiveCfg = Release|Any CPU
		{690A6862-8111-48E9-B651-AC5838890B34}.Release|Any CPU.Build.0 = Release|Any CPU
		{4E85F9E9-CD22-4046-BBEE-811662B057C7}.Debug|Any CPU.ActiveCfg = Debug|Any CPU
		{4E85F9E9-CD22-4046-BBEE-811662B057C7}.Debug|Any CPU.Build.0 = Debug|Any CPU
		{4E85F9E9-CD22-4046-BBEE-811662B057C7}.Release|Any CPU.ActiveCfg = Release|Any CPU
		{4E85F9E9-CD22-4046-BBEE-811662B057C7}.Release|Any CPU.Build.0 = Release|Any CPU
		{5236D410-CA8D-4AC0-A836-3741E9918E32}.Debug|Any CPU.ActiveCfg = Debug|Any CPU
		{5236D410-CA8D-4AC0-A836-3741E9918E32}.Debug|Any CPU.Build.0 = Debug|Any CPU
		{5236D410-CA8D-4AC0-A836-3741E9918E32}.Release|Any CPU.ActiveCfg = Release|Any CPU
		{5236D410-CA8D-4AC0-A836-3741E9918E32}.Release|Any CPU.Build.0 = Release|Any CPU
		{BB96F4D3-33AA-4F65-8427-7CDF96BDF95A}.Debug|Any CPU.ActiveCfg = Debug|Any CPU
		{BB96F4D3-33AA-4F65-8427-7CDF96BDF95A}.Debug|Any CPU.Build.0 = Debug|Any CPU
		{BB96F4D3-33AA-4F65-8427-7CDF96BDF95A}.Release|Any CPU.ActiveCfg = Release|Any CPU
		{BB96F4D3-33AA-4F65-8427-7CDF96BDF95A}.Release|Any CPU.Build.0 = Release|Any CPU
		{54F7EE78-D2B5-4614-A737-86859B063CE1}.Debug|Any CPU.ActiveCfg = Debug|Any CPU
		{54F7EE78-D2B5-4614-A737-86859B063CE1}.Debug|Any CPU.Build.0 = Debug|Any CPU
		{54F7EE78-D2B5-4614-A737-86859B063CE1}.Release|Any CPU.ActiveCfg = Release|Any CPU
		{54F7EE78-D2B5-4614-A737-86859B063CE1}.Release|Any CPU.Build.0 = Release|Any CPU
		{2A339E0E-9C89-4203-A469-928F43FFB62C}.Debug|Any CPU.ActiveCfg = Debug|Any CPU
		{2A339E0E-9C89-4203-A469-928F43FFB62C}.Debug|Any CPU.Build.0 = Debug|Any CPU
		{2A339E0E-9C89-4203-A469-928F43FFB62C}.Release|Any CPU.ActiveCfg = Release|Any CPU
		{2A339E0E-9C89-4203-A469-928F43FFB62C}.Release|Any CPU.Build.0 = Release|Any CPU
		{CDD043DC-A272-47EB-AF1C-77BC13C76750}.Debug|Any CPU.ActiveCfg = Debug|Any CPU
		{CDD043DC-A272-47EB-AF1C-77BC13C76750}.Debug|Any CPU.Build.0 = Debug|Any CPU
		{CDD043DC-A272-47EB-AF1C-77BC13C76750}.Release|Any CPU.ActiveCfg = Release|Any CPU
		{CDD043DC-A272-47EB-AF1C-77BC13C76750}.Release|Any CPU.Build.0 = Release|Any CPU
		{318F7CAB-ECFE-4F8A-BB62-33DA343D97AE}.Debug|Any CPU.ActiveCfg = Debug|Any CPU
		{318F7CAB-ECFE-4F8A-BB62-33DA343D97AE}.Debug|Any CPU.Build.0 = Debug|Any CPU
		{318F7CAB-ECFE-4F8A-BB62-33DA343D97AE}.Release|Any CPU.ActiveCfg = Release|Any CPU
		{318F7CAB-ECFE-4F8A-BB62-33DA343D97AE}.Release|Any CPU.Build.0 = Release|Any CPU
		{EFEBD239-AAF6-4D83-BF0F-0783464C544A}.Debug|Any CPU.ActiveCfg = Debug|Any CPU
		{EFEBD239-AAF6-4D83-BF0F-0783464C544A}.Debug|Any CPU.Build.0 = Debug|Any CPU
		{EFEBD239-AAF6-4D83-BF0F-0783464C544A}.Release|Any CPU.ActiveCfg = Release|Any CPU
		{EFEBD239-AAF6-4D83-BF0F-0783464C544A}.Release|Any CPU.Build.0 = Release|Any CPU
		{C5A21932-ECD4-4E7A-8B30-F2ADA36913D6}.Debug|Any CPU.ActiveCfg = Debug|Any CPU
		{C5A21932-ECD4-4E7A-8B30-F2ADA36913D6}.Debug|Any CPU.Build.0 = Debug|Any CPU
		{C5A21932-ECD4-4E7A-8B30-F2ADA36913D6}.Release|Any CPU.ActiveCfg = Release|Any CPU
		{C5A21932-ECD4-4E7A-8B30-F2ADA36913D6}.Release|Any CPU.Build.0 = Release|Any CPU
		{AAFFD0D1-BCC8-4936-8895-951C152BAD6A}.Debug|Any CPU.ActiveCfg = Debug|Any CPU
		{AAFFD0D1-BCC8-4936-8895-951C152BAD6A}.Debug|Any CPU.Build.0 = Debug|Any CPU
		{AAFFD0D1-BCC8-4936-8895-951C152BAD6A}.Release|Any CPU.ActiveCfg = Release|Any CPU
		{AAFFD0D1-BCC8-4936-8895-951C152BAD6A}.Release|Any CPU.Build.0 = Release|Any CPU
		{FA27FE1C-4581-4B32-8740-2826F0D4243F}.Debug|Any CPU.ActiveCfg = Debug|Any CPU
		{FA27FE1C-4581-4B32-8740-2826F0D4243F}.Debug|Any CPU.Build.0 = Debug|Any CPU
		{FA27FE1C-4581-4B32-8740-2826F0D4243F}.Release|Any CPU.ActiveCfg = Release|Any CPU
		{FA27FE1C-4581-4B32-8740-2826F0D4243F}.Release|Any CPU.Build.0 = Release|Any CPU
		{27A1DD0F-1891-462B-AA64-2AB4EF27D761}.Debug|Any CPU.ActiveCfg = Debug|Any CPU
		{27A1DD0F-1891-462B-AA64-2AB4EF27D761}.Debug|Any CPU.Build.0 = Debug|Any CPU
		{27A1DD0F-1891-462B-AA64-2AB4EF27D761}.Release|Any CPU.ActiveCfg = Release|Any CPU
		{27A1DD0F-1891-462B-AA64-2AB4EF27D761}.Release|Any CPU.Build.0 = Release|Any CPU
		{67DFF126-3243-4CB3-BD77-A605BCADF1D7}.Debug|Any CPU.ActiveCfg = Debug|Any CPU
		{67DFF126-3243-4CB3-BD77-A605BCADF1D7}.Debug|Any CPU.Build.0 = Debug|Any CPU
		{67DFF126-3243-4CB3-BD77-A605BCADF1D7}.Release|Any CPU.ActiveCfg = Release|Any CPU
		{67DFF126-3243-4CB3-BD77-A605BCADF1D7}.Release|Any CPU.Build.0 = Release|Any CPU
		{1A203072-B52E-4A35-9807-9A13BE743D2F}.Debug|Any CPU.ActiveCfg = Debug|Any CPU
		{1A203072-B52E-4A35-9807-9A13BE743D2F}.Debug|Any CPU.Build.0 = Debug|Any CPU
		{1A203072-B52E-4A35-9807-9A13BE743D2F}.Release|Any CPU.ActiveCfg = Release|Any CPU
		{1A203072-B52E-4A35-9807-9A13BE743D2F}.Release|Any CPU.Build.0 = Release|Any CPU
		{015EE3FE-FE1E-48DE-B75E-259065EC1E62}.Debug|Any CPU.ActiveCfg = Debug|Any CPU
		{015EE3FE-FE1E-48DE-B75E-259065EC1E62}.Debug|Any CPU.Build.0 = Debug|Any CPU
		{015EE3FE-FE1E-48DE-B75E-259065EC1E62}.Release|Any CPU.ActiveCfg = Release|Any CPU
		{015EE3FE-FE1E-48DE-B75E-259065EC1E62}.Release|Any CPU.Build.0 = Release|Any CPU
		{4C09E10C-87D1-4CB8-A9E3-5B014731D386}.Debug|Any CPU.ActiveCfg = Debug|Any CPU
		{4C09E10C-87D1-4CB8-A9E3-5B014731D386}.Debug|Any CPU.Build.0 = Debug|Any CPU
		{4C09E10C-87D1-4CB8-A9E3-5B014731D386}.Release|Any CPU.ActiveCfg = Release|Any CPU
		{4C09E10C-87D1-4CB8-A9E3-5B014731D386}.Release|Any CPU.Build.0 = Release|Any CPU
		{079D8C3D-7ED4-4EE9-BBEF-1AAB58C0978B}.Debug|Any CPU.ActiveCfg = Debug|Any CPU
		{079D8C3D-7ED4-4EE9-BBEF-1AAB58C0978B}.Debug|Any CPU.Build.0 = Debug|Any CPU
		{079D8C3D-7ED4-4EE9-BBEF-1AAB58C0978B}.Release|Any CPU.ActiveCfg = Release|Any CPU
		{079D8C3D-7ED4-4EE9-BBEF-1AAB58C0978B}.Release|Any CPU.Build.0 = Release|Any CPU
	EndGlobalSection
	GlobalSection(SolutionProperties) = preSolution
		HideSolutionNode = FALSE
	EndGlobalSection
	GlobalSection(NestedProjects) = preSolution
		{14891FDE-F845-4271-A0ED-E17D53C04985} = {F8010A88-395E-455F-9361-6942439CE031}
		{3E9146EB-644D-4961-A43D-4CFA2FCE3493} = {80994B37-F984-42EF-99B3-FE37E8384037}
		{DB118D23-66DB-48D6-80E5-891B35F896A5} = {1B1E336C-CA2A-4865-A663-15686DFBC862}
		{CBB4E062-4A7A-4FCC-BC94-08AA73E54085} = {1B1E336C-CA2A-4865-A663-15686DFBC862}
		{85DBE167-B5CC-4E90-A1E4-EA8C141D02F6} = {1B1E336C-CA2A-4865-A663-15686DFBC862}
		{4206EA04-9368-4D5B-9BED-C29FE6E164D3} = {1B1E336C-CA2A-4865-A663-15686DFBC862}
		{F7F1437B-52FA-4345-AB57-FAEC73CDE626} = {1B1E336C-CA2A-4865-A663-15686DFBC862}
		{29E8BE60-CF81-4B92-A942-004816EF8FEA} = {1B1E336C-CA2A-4865-A663-15686DFBC862}
		{3CEC5866-44FC-4596-8322-4822B7E3B20B} = {1B1E336C-CA2A-4865-A663-15686DFBC862}
		{2F65CAB2-B6F7-4692-A4FF-4BFF57897AA7} = {1B1E336C-CA2A-4865-A663-15686DFBC862}
		{B9411E43-5A36-43F5-B573-4D5A78FF190B} = {1B1E336C-CA2A-4865-A663-15686DFBC862}
		{D94E4B4E-777D-454B-966C-06D71DAD4E91} = {B6A13D31-12CF-41B2-A809-EBC8D6698861}
		{395F8C46-35DE-4753-87EA-7804221606F2} = {B6A13D31-12CF-41B2-A809-EBC8D6698861}
		{CC70ADC2-24AB-4640-BEF9-BBCD8E0FAA5D} = {B6A13D31-12CF-41B2-A809-EBC8D6698861}
		{4C57CE5D-7B7B-4D50-8C99-425E7055B720} = {B6A13D31-12CF-41B2-A809-EBC8D6698861}
		{C2E24EDA-6C83-4BF9-B813-5E0AA20C6945} = {B6A13D31-12CF-41B2-A809-EBC8D6698861}
		{C02272DC-D31E-4E2E-BB34-78BB00BEC6AE} = {B6A13D31-12CF-41B2-A809-EBC8D6698861}
		{C329100B-9AB8-4325-B60E-98B0DBE03541} = {0B328C84-35B9-46B8-9FF6-5ED33AB22E71}
		{EA404601-D680-436D-A305-97EDD06E2DD9} = {0B328C84-35B9-46B8-9FF6-5ED33AB22E71}
		{136A2917-2B13-4A9A-96CA-8EE2A55C8C2E} = {0B328C84-35B9-46B8-9FF6-5ED33AB22E71}
		{06B89FAD-BBB7-440C-8856-96C646E0EB4B} = {0B328C84-35B9-46B8-9FF6-5ED33AB22E71}
		{D45AC3A9-3996-4AF9-9F97-99A232759898} = {0B328C84-35B9-46B8-9FF6-5ED33AB22E71}
		{7369AFC2-E303-4E7C-A455-C134019BA655} = {0B328C84-35B9-46B8-9FF6-5ED33AB22E71}
		{C0FEB264-F20E-489B-B89C-1D01D9093E4F} = {0B328C84-35B9-46B8-9FF6-5ED33AB22E71}
		{DC9B78A9-F0F9-4EB0-8A42-B9ED8DBA6D75} = {0B328C84-35B9-46B8-9FF6-5ED33AB22E71}
		{4D389E31-77F0-44CC-B976-9B4D6D9C1C03} = {0B328C84-35B9-46B8-9FF6-5ED33AB22E71}
		{E4FE075C-6B54-46CA-AC78-E0C6DC535FB4} = {0B328C84-35B9-46B8-9FF6-5ED33AB22E71}
		{E6A4CAC3-B448-41EF-8F59-DDD61C01EBBC} = {0B328C84-35B9-46B8-9FF6-5ED33AB22E71}
		{690A6862-8111-48E9-B651-AC5838890B34} = {FAD1EB70-17DA-4D07-9B73-5BEDBC016AC8}
		{4E85F9E9-CD22-4046-BBEE-811662B057C7} = {FAD1EB70-17DA-4D07-9B73-5BEDBC016AC8}
		{5236D410-CA8D-4AC0-A836-3741E9918E32} = {0B328C84-35B9-46B8-9FF6-5ED33AB22E71}
		{BB96F4D3-33AA-4F65-8427-7CDF96BDF95A} = {0B328C84-35B9-46B8-9FF6-5ED33AB22E71}
		{54F7EE78-D2B5-4614-A737-86859B063CE1} = {E2516AD9-4D47-4A2B-89D0-4C92FED78E25}
		{2A339E0E-9C89-4203-A469-928F43FFB62C} = {3290D78D-C493-47AC-9ECA-50F42842F92A}
		{CDD043DC-A272-47EB-AF1C-77BC13C76750} = {3290D78D-C493-47AC-9ECA-50F42842F92A}
		{318F7CAB-ECFE-4F8A-BB62-33DA343D97AE} = {3290D78D-C493-47AC-9ECA-50F42842F92A}
		{EFEBD239-AAF6-4D83-BF0F-0783464C544A} = {3290D78D-C493-47AC-9ECA-50F42842F92A}
		{C5A21932-ECD4-4E7A-8B30-F2ADA36913D6} = {3290D78D-C493-47AC-9ECA-50F42842F92A}
		{AAFFD0D1-BCC8-4936-8895-951C152BAD6A} = {3290D78D-C493-47AC-9ECA-50F42842F92A}
		{FA27FE1C-4581-4B32-8740-2826F0D4243F} = {3290D78D-C493-47AC-9ECA-50F42842F92A}
		{27A1DD0F-1891-462B-AA64-2AB4EF27D761} = {3290D78D-C493-47AC-9ECA-50F42842F92A}
		{67DFF126-3243-4CB3-BD77-A605BCADF1D7} = {FAD1EB70-17DA-4D07-9B73-5BEDBC016AC8}
		{1A203072-B52E-4A35-9807-9A13BE743D2F} = {4D2026B0-0DBE-4495-80EB-8407F6E74F57}
		{015EE3FE-FE1E-48DE-B75E-259065EC1E62} = {3290D78D-C493-47AC-9ECA-50F42842F92A}
		{4C09E10C-87D1-4CB8-A9E3-5B014731D386} = {9333E8A9-3BCA-4C10-BC2E-B122F8133662}
		{079D8C3D-7ED4-4EE9-BBEF-1AAB58C0978B} = {3290D78D-C493-47AC-9ECA-50F42842F92A}
	EndGlobalSection
	GlobalSection(ExtensibilityGlobals) = postSolution
		SolutionGuid = {FC6460B1-7EEE-4407-9D44-0300F859F039}
	EndGlobalSection
EndGlobal
