
Microsoft Visual Studio Solution File, Format Version 12.00
# Visual Studio Version 16
VisualStudioVersion = 16.0.30204.135
MinimumVisualStudioVersion = 10.0.40219.1
Project("{FAE04EC0-301F-11D3-BF4B-00C04F79EFBC}") = "CH11_Caching", "CH11_Caching.csproj", "{CDD043DC-A272-47EB-AF1C-77BC13C76750}"
EndProject
Global
	GlobalSection(SolutionConfigurationPlatforms) = preSolution
		Debug|Any CPU = Debug|Any CPU
		Release|Any CPU = Release|Any CPU
	EndGlobalSection
	GlobalSection(ProjectConfigurationPlatforms) = postSolution
		{CDD043DC-A272-47EB-AF1C-77BC13C76750}.Debug|Any CPU.ActiveCfg = Debug|Any CPU
		{CDD043DC-A272-47EB-AF1C-77BC13C76750}.Debug|Any CPU.Build.0 = Debug|Any CPU
		{CDD043DC-A272-47EB-AF1C-77BC13C76750}.Release|Any CPU.ActiveCfg = Release|Any CPU
		{CDD043DC-A272-47EB-AF1C-77BC13C76750}.Release|Any CPU.Build.0 = Release|Any CPU
	EndGlobalSection
	GlobalSection(SolutionProperties) = preSolution
		HideSolutionNode = FALSE
	EndGlobalSection
	GlobalSection(ExtensibilityGlobals) = postSolution
		SolutionGuid = {5E092ED3-240B-49FC-B7A3-B793A6A4E9B2}
	EndGlobalSection
EndGlobal
