
Microsoft Visual Studio Solution File, Format Version 12.00
# Visual Studio Version 16
VisualStudioVersion = 16.0.30204.135
MinimumVisualStudioVersion = 10.0.40219.1
Project("{FAE04EC0-301F-11D3-BF4B-00C04F79EFBC}") = "CH11_Transactions", "CH11_Transactions.csproj", "{27A1DD0F-1891-462B-AA64-2AB4EF27D761}"
EndProject
Global
	GlobalSection(SolutionConfigurationPlatforms) = preSolution
		Debug|Any CPU = Debug|Any CPU
		Release|Any CPU = Release|Any CPU
	EndGlobalSection
	GlobalSection(ProjectConfigurationPlatforms) = postSolution
		{27A1DD0F-1891-462B-AA64-2AB4EF27D761}.Debug|Any CPU.ActiveCfg = Debug|Any CPU
		{27A1DD0F-1891-462B-AA64-2AB4EF27D761}.Debug|Any CPU.Build.0 = Debug|Any CPU
		{27A1DD0F-1891-462B-AA64-2AB4EF27D761}.Release|Any CPU.ActiveCfg = Release|Any CPU
		{27A1DD0F-1891-462B-AA64-2AB4EF27D761}.Release|Any CPU.Build.0 = Release|Any CPU
	EndGlobalSection
	GlobalSection(SolutionProperties) = preSolution
		HideSolutionNode = FALSE
	EndGlobalSection
	GlobalSection(ExtensibilityGlobals) = postSolution
		SolutionGuid = {E662E477-7810-423C-B3C9-FD69F684C588}
	EndGlobalSection
EndGlobal
