
Microsoft Visual Studio Solution File, Format Version 12.00
# Visual Studio Version 16
VisualStudioVersion = 16.0.30204.135
MinimumVisualStudioVersion = 10.0.40219.1
Project("{FAE04EC0-301F-11D3-BF4B-00C04F79EFBC}") = "CH11_Instrumentation", "CH11_Instrumentation.csproj", "{C5A21932-ECD4-4E7A-8B30-F2ADA36913D6}"
EndProject
Global
	GlobalSection(SolutionConfigurationPlatforms) = preSolution
		Debug|Any CPU = Debug|Any CPU
		Release|Any CPU = Release|Any CPU
	EndGlobalSection
	GlobalSection(ProjectConfigurationPlatforms) = postSolution
		{C5A21932-ECD4-4E7A-8B30-F2ADA36913D6}.Debug|Any CPU.ActiveCfg = Debug|Any CPU
		{C5A21932-ECD4-4E7A-8B30-F2ADA36913D6}.Debug|Any CPU.Build.0 = Debug|Any CPU
		{C5A21932-ECD4-4E7A-8B30-F2ADA36913D6}.Release|Any CPU.ActiveCfg = Release|Any CPU
		{C5A21932-ECD4-4E7A-8B30-F2ADA36913D6}.Release|Any CPU.Build.0 = Release|Any CPU
	EndGlobalSection
	GlobalSection(SolutionProperties) = preSolution
		HideSolutionNode = FALSE
	EndGlobalSection
	GlobalSection(ExtensibilityGlobals) = postSolution
		SolutionGuid = {15EC0942-3FFC-4A12-A2B1-549ADCA6128F}
	EndGlobalSection
EndGlobal
